// !$*UTF8*$!
{
	archiveVersion = 1;
	classes = {
	};
	objectVersion = 77;
	objects = {

/* Begin PBXBuildFile section */
		D9111138302112AE004599C0 /* GRDB in Frameworks */ = {isa = PBXBuildFile; productRef = D9111137302112AE004599C0 /* GRDB */; };
		D911115F3022458B004599C0 /* GRDB in Frameworks */ = {isa = PBXBuildFile; productRef = D911115E3022458B004599C0 /* GRDB */; };
/* End PBXBuildFile section */

/* Begin PBXCopyFilesBuildPhase section */
		D9386E333020779700F2B841 /* CopyFiles */ = {
			isa = PBXCopyFilesBuildPhase;
			buildActionMask = 2147483647;
			dstPath = /usr/share/man/man1/;
			dstSubfolderSpec = 0;
			files = (
			);
			runOnlyForDeploymentPostprocessing = 1;
		};
/* End PBXCopyFilesBuildPhase section */

/* Begin PBXFileReference section */
		D9111147302243E8004599C0 /* Plaintext Mail.app */ = {isa = PBXFileReference; explicitFileType = wrapper.application; includeInIndex = 0; path = "Plaintext Mail.app"; sourceTree = BUILT_PRODUCTS_DIR; };
		D9386E353020779700F2B841 /* IMAPSpike */ = {isa = PBXFileReference; explicitFileType = "compiled.mach-o.executable"; includeInIndex = 0; path = IMAPSpike; sourceTree = BUILT_PRODUCTS_DIR; };
/* End PBXFileReference section */

/* Begin PBXFileSystemSynchronizedBuildFileExceptionSet section */
		D91111533022443F004599C0 /* Exceptions for "IMAPSpike" folder in "Plaintext Mail" target */ = {
			isa = PBXFileSystemSynchronizedBuildFileExceptionSet;
			membershipExceptions = (
				Account.swift,
				AccountMessage.swift,
				AccountSessionManager.swift,
				AccountsStore.swift,
				AddAccountView.swift,
				AppNotifications.swift,
				CharsetDecoding.swift,
				ComposeSession.swift,
				ComposeView.swift,
				ContactsService.swift,
				Database.swift,
				DiscoveredFolder.swift,
				EditSignaturesView.swift,
				EnvelopeParser.swift,
				GPGService.swift,
				HTMLToText.swift,
				IMAPClient.swift,
				IMAPResponse.swift,
				KeychainStore.swift,
				LiteralAwareReader.swift,
				MailSession.swift,
				MIMEParser.swift,
				"MIMEPart+BodyText.swift",
				"MIMEPart+PGP.swift",
				MultiSessionObserver.swift,
				OutboxManager.swift,
				RedirectView.swift,
				SMTPClient.swift,
			);
			target = D9111146302243E8004599C0 /* Plaintext Mail */;
		};
		D9A29A39302322DD00CA0815 /* Exceptions for "IMAPSpike" folder in "IMAPSpike" target */ = {
			isa = PBXFileSystemSynchronizedBuildFileExceptionSet;
			membershipExceptions = (
				Account.swift,
				AccountMessage.swift,
				AccountSessionManager.swift,
				AccountsStore.swift,
				AddAccountView.swift,
				AppNotifications.swift,
				ComposeSession.swift,
				ComposeView.swift,
				ContactsService.swift,
				EditSignaturesView.swift,
				GPGService.swift,
				KeychainStore.swift,
				"MIMEPart+PGP.swift",
				MultiSessionObserver.swift,
				OutboxManager.swift,
				RedirectView.swift,
			);
			target = D9386E343020779700F2B841 /* IMAPSpike */;
		};
/* End PBXFileSystemSynchronizedBuildFileExceptionSet section */

/* Begin PBXFileSystemSynchronizedRootGroup section */
		D9111148302243E8004599C0 /* Plaintext Mail */ = {
			isa = PBXFileSystemSynchronizedRootGroup;
			path = "Plaintext Mail";
			sourceTree = "<group>";
		};
		D9386E373020779700F2B841 /* IMAPSpike */ = {
			isa = PBXFileSystemSynchronizedRootGroup;
			exceptions = (
				D9A29A39302322DD00CA0815 /* Exceptions for "IMAPSpike" folder in "IMAPSpike" target */,
				D91111533022443F004599C0 /* Exceptions for "IMAPSpike" folder in "Plaintext Mail" target */,
			);
			path = IMAPSpike;
			sourceTree = "<group>";
		};
/* End PBXFileSystemSynchronizedRootGroup section */

/* Begin PBXFrameworksBuildPhase section */
		D9111144302243E8004599C0 /* Frameworks */ = {
			isa = PBXFrameworksBuildPhase;
			buildActionMask = 2147483647;
			files = (
				D911115F3022458B004599C0 /* GRDB in Frameworks */,
			);
			runOnlyForDeploymentPostprocessing = 0;
		};
		D9386E323020779700F2B841 /* Frameworks */ = {
			isa = PBXFrameworksBuildPhase;
			buildActionMask = 2147483647;
			files = (
				D9111138302112AE004599C0 /* GRDB in Frameworks */,
			);
			runOnlyForDeploymentPostprocessing = 0;
		};
/* End PBXFrameworksBuildPhase section */

/* Begin PBXGroup section */
		D911115D3022458B004599C0 /* Frameworks */ = {
			isa = PBXGroup;
			children = (
			);
			name = Frameworks;
			sourceTree = "<group>";
		};
		D9386E2C3020779700F2B841 = {
			isa = PBXGroup;
			children = (
				D9386E373020779700F2B841 /* IMAPSpike */,
				D9111148302243E8004599C0 /* Plaintext Mail */,
				D911115D3022458B004599C0 /* Frameworks */,
				D9386E363020779700F2B841 /* Products */,
			);
			sourceTree = "<group>";
		};
		D9386E363020779700F2B841 /* Products */ = {
			isa = PBXGroup;
			children = (
				D9386E353020779700F2B841 /* IMAPSpike */,
				D9111147302243E8004599C0 /* Plaintext Mail.app */,
			);
			name = Products;
			sourceTree = "<group>";
		};
/* End PBXGroup section */

/* Begin PBXNativeTarget section */
		D9111146302243E8004599C0 /* Plaintext Mail */ = {
			isa = PBXNativeTarget;
			buildConfigurationList = D911114F302243EA004599C0 /* Build configuration list for PBXNativeTarget "Plaintext Mail" */;
			buildPhases = (
				D9111143302243E8004599C0 /* Sources */,
				D9111144302243E8004599C0 /* Frameworks */,
				D9111145302243E8004599C0 /* Resources */,
			);
			buildRules = (
			);
			dependencies = (
				D911115C302244F2004599C0 /* PBXTargetDependency */,
			);
			fileSystemSynchronizedGroups = (
				D9111148302243E8004599C0 /* Plaintext Mail */,
			);
			name = "Plaintext Mail";
			packageProductDependencies = (
				D911115E3022458B004599C0 /* GRDB */,
			);
			productName = MailApp;
			productReference = D9111147302243E8004599C0 /* Plaintext Mail.app */;
			productType = "com.apple.product-type.application";
		};
		D9386E343020779700F2B841 /* IMAPSpike */ = {
			isa = PBXNativeTarget;
			buildConfigurationList = D9386E3C3020779700F2B841 /* Build configuration list for PBXNativeTarget "IMAPSpike" */;
			buildPhases = (
				D9386E313020779700F2B841 /* Sources */,
				D9386E323020779700F2B841 /* Frameworks */,
				D9386E333020779700F2B841 /* CopyFiles */,
			);
			buildRules = (
			);
			dependencies = (
			);
			fileSystemSynchronizedGroups = (
				D9386E373020779700F2B841 /* IMAPSpike */,
			);
			name = IMAPSpike;
			packageProductDependencies = (
				D9111137302112AE004599C0 /* GRDB */,
			);
			productName = IMAPSpike;
			productReference = D9386E353020779700F2B841 /* IMAPSpike */;
			productType = "com.apple.product-type.tool";
		};
/* End PBXNativeTarget section */

/* Begin PBXProject section */
		D9386E2D3020779700F2B841 /* Project object */ = {
			isa = PBXProject;
			attributes = {
				BuildIndependentTargetsInParallel = 1;
				LastSwiftUpdateCheck = 2630;
				LastUpgradeCheck = 2630;
				TargetAttributes = {
					D9111146302243E8004599C0 = {
						CreatedOnToolsVersion = 26.3;
					};
					D9386E343020779700F2B841 = {
						CreatedOnToolsVersion = 26.3;
					};
				};
			};
			buildConfigurationList = D9386E303020779700F2B841 /* Build configuration list for PBXProject "Plaintext Mail" */;
			developmentRegion = en;
			hasScannedForEncodings = 0;
			knownRegions = (
				en,
				Base,
			);
			mainGroup = D9386E2C3020779700F2B841;
			minimizedProjectReferenceProxies = 1;
			packageReferences = (
				D9111136302112AE004599C0 /* XCRemoteSwiftPackageReference "GRDB" */,
			);
			preferredProjectObjectVersion = 77;
			productRefGroup = D9386E363020779700F2B841 /* Products */;
			projectDirPath = "";
			projectRoot = "";
			targets = (
				D9386E343020779700F2B841 /* IMAPSpike */,
				D9111146302243E8004599C0 /* Plaintext Mail */,
			);
		};
/* End PBXProject section */

/* Begin PBXResourcesBuildPhase section */
		D9111145302243E8004599C0 /* Resources */ = {
			isa = PBXResourcesBuildPhase;
			buildActionMask = 2147483647;
			files = (
			);
			runOnlyForDeploymentPostprocessing = 0;
		};
/* End PBXResourcesBuildPhase section */

/* Begin PBXSourcesBuildPhase section */
		D9111143302243E8004599C0 /* Sources */ = {
			isa = PBXSourcesBuildPhase;
			buildActionMask = 2147483647;
			files = (
			);
			runOnlyForDeploymentPostprocessing = 0;
		};
		D9386E313020779700F2B841 /* Sources */ = {
			isa = PBXSourcesBuildPhase;
			buildActionMask = 2147483647;
			files = (
			);
			runOnlyForDeploymentPostprocessing = 0;
		};
/* End PBXSourcesBuildPhase section */

/* Begin PBXTargetDependency section */
		D911115C302244F2004599C0 /* PBXTargetDependency */ = {
			isa = PBXTargetDependency;
			productRef = D911115B302244F2004599C0 /* GRDB */;
		};
/* End PBXTargetDependency section */

/* Begin XCBuildConfiguration section */
		D9111150302243EA004599C0 /* Debug */ = {
			isa = XCBuildConfiguration;
			buildSettings = {
				ASSETCATALOG_COMPILER_APPICON_NAME = AppIcon;
				ASSETCATALOG_COMPILER_GLOBAL_ACCENT_COLOR_NAME = AccentColor;
				ASSETCATALOG_COMPILER_INCLUDE_ALL_APPICON_ASSETS = YES;
				"CODE_SIGN_IDENTITY[sdk=macosx*]" = "Apple Development";
				CODE_SIGN_STYLE = Automatic;
				COMBINE_HIDPI_IMAGES = YES;
				CURRENT_PROJECT_VERSION = 1;
				DEVELOPMENT_TEAM = V88G83A549;
				ENABLE_APP_SANDBOX = NO;
				ENABLE_PREVIEWS = YES;
				GENERATE_INFOPLIST_FILE = YES;
				INFOPLIST_KEY_NSContactsUsageDescription = "Used to autocomplete addresses when composing, and to save message senders as contacts.";
				INFOPLIST_KEY_NSHumanReadableCopyright = "";
				LD_RUNPATH_SEARCH_PATHS = (
					"$(inherited)",
					"@executable_path/../Frameworks",
				);
				MARKETING_VERSION = 0.3.1;
				PRODUCT_BUNDLE_IDENTIFIER = com.pasigraphy.PlaintextMail;
				PRODUCT_NAME = "$(TARGET_NAME)";
				REGISTER_APP_GROUPS = YES;
				STRING_CATALOG_GENERATE_SYMBOLS = YES;
				SWIFT_APPROACHABLE_CONCURRENCY = YES;
				SWIFT_DEFAULT_ACTOR_ISOLATION = MainActor;
				SWIFT_EMIT_LOC_STRINGS = YES;
				SWIFT_UPCOMING_FEATURE_MEMBER_IMPORT_VISIBILITY = YES;
				SWIFT_VERSION = 5.0;
			};
			name = Debug;
		};
		D9111151302243EA004599C0 /* Release */ = {
			isa = XCBuildConfiguration;
			buildSettings = {
				ASSETCATALOG_COMPILER_APPICON_NAME = AppIcon;
				ASSETCATALOG_COMPILER_GLOBAL_ACCENT_COLOR_NAME = AccentColor;
				ASSETCATALOG_COMPILER_INCLUDE_ALL_APPICON_ASSETS = YES;
				"CODE_SIGN_IDENTITY[sdk=macosx*]" = "Apple Development";
				CODE_SIGN_STYLE = Automatic;
				COMBINE_HIDPI_IMAGES = YES;
				CURRENT_PROJECT_VERSION = 1;
				DEVELOPMENT_TEAM = V88G83A549;
				ENABLE_APP_SANDBOX = NO;
				ENABLE_PREVIEWS = YES;
				GENERATE_INFOPLIST_FILE = YES;
				INFOPLIST_KEY_NSContactsUsageDescription = "Used to autocomplete addresses when composing, and to save message senders as contacts.";
				INFOPLIST_KEY_NSHumanReadableCopyright = "";
				LD_RUNPATH_SEARCH_PATHS = (
					"$(inherited)",
					"@executable_path/../Frameworks",
				);
				MARKETING_VERSION = 0.3.1;
				PRODUCT_BUNDLE_IDENTIFIER = com.pasigraphy.PlaintextMail;
				PRODUCT_NAME = "$(TARGET_NAME)";
				REGISTER_APP_GROUPS = YES;
				STRING_CATALOG_GENERATE_SYMBOLS = YES;
				SWIFT_APPROACHABLE_CONCURRENCY = YES;
				SWIFT_DEFAULT_ACTOR_ISOLATION = MainActor;
				SWIFT_EMIT_LOC_STRINGS = YES;
				SWIFT_UPCOMING_FEATURE_MEMBER_IMPORT_VISIBILITY = YES;
				SWIFT_VERSION = 5.0;
			};
			name = Release;
		};
		D9386E3A3020779700F2B841 /* Debug */ = {
			isa = XCBuildConfiguration;
			buildSettings = {
				ALWAYS_SEARCH_USER_PATHS = NO;
				ASSETCATALOG_COMPILER_GENERATE_SWIFT_ASSET_SYMBOL_EXTENSIONS = YES;
				CLANG_ANALYZER_NONNULL = YES;
				CLANG_ANALYZER_NUMBER_OBJECT_CONVERSION = YES_AGGRESSIVE;
				CLANG_CXX_LANGUAGE_STANDARD = "gnu++20";
				CLANG_ENABLE_MODULES = YES;
				CLANG_ENABLE_OBJC_ARC = YES;
				CLANG_ENABLE_OBJC_WEAK = YES;
				CLANG_WARN_BLOCK_CAPTURE_AUTORELEASING = YES;
				CLANG_WARN_BOOL_CONVERSION = YES;
				CLANG_WARN_COMMA = YES;
				CLANG_WARN_CONSTANT_CONVERSION = YES;
				CLANG_WARN_DEPRECATED_OBJC_IMPLEMENTATIONS = YES;
				CLANG_WARN_DIRECT_OBJC_ISA_USAGE = YES_ERROR;
				CLANG_WARN_DOCUMENTATION_COMMENTS = YES;
				CLANG_WARN_EMPTY_BODY = YES;
				CLANG_WARN_ENUM_CONVERSION = YES;
				CLANG_WARN_INFINITE_RECURSION = YES;
				CLANG_WARN_INT_CONVERSION = YES;
				CLANG_WARN_NON_LITERAL_NULL_CONVERSION = YES;
				CLANG_WARN_OBJC_IMPLICIT_RETAIN_SELF = YES;
				CLANG_WARN_OBJC_LITERAL_CONVERSION = YES;
				CLANG_WARN_OBJC_ROOT_CLASS = YES_ERROR;
				CLANG_WARN_QUOTED_INCLUDE_IN_FRAMEWORK_HEADER = YES;
				CLANG_WARN_RANGE_LOOP_ANALYSIS = YES;
				CLANG_WARN_STRICT_PROTOTYPES = YES;
				CLANG_WARN_SUSPICIOUS_MOVE = YES;
				CLANG_WARN_UNGUARDED_AVAILABILITY = YES_AGGRESSIVE;
				CLANG_WARN_UNREACHABLE_CODE = YES;
				CLANG_WARN__DUPLICATE_METHOD_MATCH = YES;
				COPY_PHASE_STRIP = NO;
				DEBUG_INFORMATION_FORMAT = dwarf;
				ENABLE_STRICT_OBJC_MSGSEND = YES;
				ENABLE_TESTABILITY = YES;
				ENABLE_USER_SCRIPT_SANDBOXING = YES;
				GCC_C_LANGUAGE_STANDARD = gnu17;
				GCC_DYNAMIC_NO_PIC = NO;
				GCC_NO_COMMON_BLOCKS = YES;
				GCC_OPTIMIZATION_LEVEL = 0;
				GCC_PREPROCESSOR_DEFINITIONS = (
					"DEBUG=1",
					"$(inherited)",
				);
				GCC_WARN_64_TO_32_BIT_CONVERSION = YES;
				GCC_WARN_ABOUT_RETURN_TYPE = YES_ERROR;
				GCC_WARN_UNDECLARED_SELECTOR = YES;
				GCC_WARN_UNINITIALIZED_AUTOS = YES_AGGRESSIVE;
				GCC_WARN_UNUSED_FUNCTION = YES;
				GCC_WARN_UNUSED_VARIABLE = YES;
				LOCALIZATION_PREFERS_STRING_CATALOGS = YES;
				MACOSX_DEPLOYMENT_TARGET = 15.7;
				MTL_ENABLE_DEBUG_INFO = INCLUDE_SOURCE;
				MTL_FAST_MATH = YES;
				ONLY_ACTIVE_ARCH = YES;
				SDKROOT = macosx;
				SWIFT_ACTIVE_COMPILATION_CONDITIONS = "DEBUG $(inherited)";
				SWIFT_OPTIMIZATION_LEVEL = "-Onone";
			};
			name = Debug;
		};
		D9386E3B3020779700F2B841 /* Release */ = {
			isa = XCBuildConfiguration;
			buildSettings = {
				ALWAYS_SEARCH_USER_PATHS = NO;
				ASSETCATALOG_COMPILER_GENERATE_SWIFT_ASSET_SYMBOL_EXTENSIONS = YES;
				CLANG_ANALYZER_NONNULL = YES;
				CLANG_ANALYZER_NUMBER_OBJECT_CONVERSION = YES_AGGRESSIVE;
				CLANG_CXX_LANGUAGE_STANDARD = "gnu++20";
				CLANG_ENABLE_MODULES = YES;
				CLANG_ENABLE_OBJC_ARC = YES;
				CLANG_ENABLE_OBJC_WEAK = YES;
				CLANG_WARN_BLOCK_CAPTURE_AUTORELEASING = YES;
				CLANG_WARN_BOOL_CONVERSION = YES;
				CLANG_WARN_COMMA = YES;
				CLANG_WARN_CONSTANT_CONVERSION = YES;
				CLANG_WARN_DEPRECATED_OBJC_IMPLEMENTATIONS = YES;
				CLANG_WARN_DIRECT_OBJC_ISA_USAGE = YES_ERROR;
				CLANG_WARN_DOCUMENTATION_COMMENTS = YES;
				CLANG_WARN_EMPTY_BODY = YES;
				CLANG_WARN_ENUM_CONVERSION = YES;
				CLANG_WARN_INFINITE_RECURSION = YES;
				CLANG_WARN_INT_CONVERSION = YES;
				CLANG_WARN_NON_LITERAL_NULL_CONVERSION = YES;
				CLANG_WARN_OBJC_IMPLICIT_RETAIN_SELF = YES;
				CLANG_WARN_OBJC_LITERAL_CONVERSION = YES;
				CLANG_WARN_OBJC_ROOT_CLASS = YES_ERROR;
				CLANG_WARN_QUOTED_INCLUDE_IN_FRAMEWORK_HEADER = YES;
				CLANG_WARN_RANGE_LOOP_ANALYSIS = YES;
				CLANG_WARN_STRICT_PROTOTYPES = YES;
				CLANG_WARN_SUSPICIOUS_MOVE = YES;
				CLANG_WARN_UNGUARDED_AVAILABILITY = YES_AGGRESSIVE;
				CLANG_WARN_UNREACHABLE_CODE = YES;
				CLANG_WARN__DUPLICATE_METHOD_MATCH = YES;
				COPY_PHASE_STRIP = NO;
				DEBUG_INFORMATION_FORMAT = "dwarf-with-dsym";
				ENABLE_NS_ASSERTIONS = NO;
				ENABLE_STRICT_OBJC_MSGSEND = YES;
				ENABLE_USER_SCRIPT_SANDBOXING = YES;
				GCC_C_LANGUAGE_STANDARD = gnu17;
				GCC_NO_COMMON_BLOCKS = YES;
				GCC_WARN_64_TO_32_BIT_CONVERSION = YES;
				GCC_WARN_ABOUT_RETURN_TYPE = YES_ERROR;
				GCC_WARN_UNDECLARED_SELECTOR = YES;
				GCC_WARN_UNINITIALIZED_AUTOS = YES_AGGRESSIVE;
				GCC_WARN_UNUSED_FUNCTION = YES;
				GCC_WARN_UNUSED_VARIABLE = YES;
				LOCALIZATION_PREFERS_STRING_CATALOGS = YES;
				MACOSX_DEPLOYMENT_TARGET = 15.7;
				MTL_ENABLE_DEBUG_INFO = NO;
				MTL_FAST_MATH = YES;
				SDKROOT = macosx;
				SWIFT_COMPILATION_MODE = wholemodule;
			};
			name = Release;
		};
		D9386E3D3020779700F2B841 /* Debug */ = {
			isa = XCBuildConfiguration;
			buildSettings = {
				CODE_SIGN_STYLE = Automatic;
				PRODUCT_NAME = "$(TARGET_NAME)";
				SWIFT_APPROACHABLE_CONCURRENCY = YES;
				SWIFT_UPCOMING_FEATURE_MEMBER_IMPORT_VISIBILITY = YES;
				SWIFT_VERSION = 5.0;
			};
			name = Debug;
		};
		D9386E3E3020779700F2B841 /* Release */ = {
			isa = XCBuildConfiguration;
			buildSettings = {
				CODE_SIGN_STYLE = Automatic;
				PRODUCT_NAME = "$(TARGET_NAME)";
				SWIFT_APPROACHABLE_CONCURRENCY = YES;
				SWIFT_UPCOMING_FEATURE_MEMBER_IMPORT_VISIBILITY = YES;
				SWIFT_VERSION = 5.0;
			};
			name = Release;
		};
/* End XCBuildConfiguration section */

/* Begin XCConfigurationList section */
		D911114F302243EA004599C0 /* Build configuration list for PBXNativeTarget "Plaintext Mail" */ = {
			isa = XCConfigurationList;
			buildConfigurations = (
				D9111150302243EA004599C0 /* Debug */,
				D9111151302243EA004599C0 /* Release */,
			);
			defaultConfigurationIsVisible = 0;
			defaultConfigurationName = Release;
		};
		D9386E303020779700F2B841 /* Build configuration list for PBXProject "Plaintext Mail" */ = {
			isa = XCConfigurationList;
			buildConfigurations = (
				D9386E3A3020779700F2B841 /* Debug */,
				D9386E3B3020779700F2B841 /* Release */,
			);
			defaultConfigurationIsVisible = 0;
			defaultConfigurationName = Release;
		};
		D9386E3C3020779700F2B841 /* Build configuration list for PBXNativeTarget "IMAPSpike" */ = {
			isa = XCConfigurationList;
			buildConfigurations = (
				D9386E3D3020779700F2B841 /* Debug */,
				D9386E3E3020779700F2B841 /* Release */,
			);
			defaultConfigurationIsVisible = 0;
			defaultConfigurationName = Release;
		};
/* End XCConfigurationList section */

/* Begin XCRemoteSwiftPackageReference section */
		D9111136302112AE004599C0 /* XCRemoteSwiftPackageReference "GRDB" */ = {
			isa = XCRemoteSwiftPackageReference;
			repositoryURL = "https://github.com/groue/GRDB.swift";
			requirement = {
				branch = master;
				kind = branch;
			};
		};
/* End XCRemoteSwiftPackageReference section */

/* Begin XCSwiftPackageProductDependency section */
		D9111137302112AE004599C0 /* GRDB */ = {
			isa = XCSwiftPackageProductDependency;
			package = D9111136302112AE004599C0 /* XCRemoteSwiftPackageReference "GRDB" */;
			productName = GRDB;
		};
		D911115B302244F2004599C0 /* GRDB */ = {
			isa = XCSwiftPackageProductDependency;
			package = D9111136302112AE004599C0 /* XCRemoteSwiftPackageReference "GRDB" */;
			productName = GRDB;
		};
		D911115E3022458B004599C0 /* GRDB */ = {
			isa = XCSwiftPackageProductDependency;
			package = D9111136302112AE004599C0 /* XCRemoteSwiftPackageReference "GRDB" */;
			productName = GRDB;
		};
/* End XCSwiftPackageProductDependency section */
	};
	rootObject = D9386E2D3020779700F2B841 /* Project object */;
}
